
Microsoft Visual Studio Solution File, Format Version 12.00
# Visual Studio 15
VisualStudioVersion = 15.0.26730.12
MinimumVisualStudioVersion = 10.0.40219.1
Project("{FAE04EC0-301F-11D3-BF4B-00C04F79EFBC}") = "ConsoleApp1", "ConsoleApp1\ConsoleApp1.csproj", "{F52FA4C0-386C-4BA1-ABB9-2FE7814D8119}"
EndProject
Global
	GlobalSection(SolutionConfigurationPlatforms) = preSolution
		Debug|Any CPU = Debug|Any CPU
		Release|Any CPU = Release|Any CPU
	EndGlobalSection
	GlobalSection(ProjectConfigurationPlatforms) = postSolution
		{F52FA4C0-386C-4BA1-ABB9-2FE7814D8119}.Debug|Any CPU.ActiveCfg = Debug|Any CPU
		{F52FA4C0-386C-4BA1-ABB9-2FE7814D8119}.Debug|Any CPU.Build.0 = Debug|Any CPU
		{F52FA4C0-386C-4BA1-ABB9-2FE7814D8119}.Release|Any CPU.ActiveCfg = Release|Any CPU
		{F52FA4C0-386C-4BA1-ABB9-2FE7814D8119}.Release|Any CPU.Build.0 = Release|Any CPU
	EndGlobalSection
	GlobalSection(SolutionProperties) = preSolution
		HideSolutionNode = FALSE
	EndGlobalSection
	GlobalSection(ExtensibilityGlobals) = postSolution
		SolutionGuid = {66F86610-8CBE-402F-BA27-A3CC1833ED8D}
	EndGlobalSection
EndGlobal
